{
  "pins" : [
    {
      "identity" : "emptydataset-swift",
      "kind" : "remoteSourceControl",
      "location" : "https://github.com/Xiaoye220/EmptyDataSet-Swift.git",
      "state" : {
        "revision" : "ffaa10404b3c7582532887adc7a0f8558f656673",
        "version" : "5.0.2"
      }
    },
    {
      "identity" : "snapkit",
      "kind" : "remoteSourceControl",
      "location" : "https://github.com/SnapKit/SnapKit.git",
      "state" : {
        "revision" : "2842e6e84e82eb9a8dac0100ca90d9444b0307f4",
        "version" : "5.7.1"
      }
    },
    {
      "identity" : "svprogresshud",
      "kind" : "remoteSourceControl",
      "location" : "https://github.com/SVProgressHUD/SVProgressHUD.git",
      "state" : {
        "revision" : "c33f7c775ba7feea6047a1fc3257f2e5863b44f7",
        "version" : "2.3.1"
      }
    }
  ],
  "version" : 2
}
