{
  "pins" : [
    {
      "identity" : "emptydataset-swift",
      "kind" : "remoteSourceControl",
      "location" : "https://github.com/Xiaoye220/EmptyDataSet-Swift.git",
      "state" : {
        "revision" : "ffaa10404b3c7582532887adc7a0f8558f656673",
        "version" : "5.0.2"
      }
    },
    {
      "identity" : "iqkeyboardmanager",
      "kind" : "remoteSourceControl",
      "location" : "https://github.com/hackiftekhar/IQKeyboardManager.git",
      "state" : {
        "revision" : "19e111f9246b3407fe0c334dc78fa890c40d8c67",
        "version" : "7.0.3"
      }
    },
    {
      "identity" : "svprogresshud",
      "kind" : "remoteSourceControl",
      "location" : "https://github.com/SVProgressHUD/SVProgressHUD.git",
      "state" : {
        "revision" : "c33f7c775ba7feea6047a1fc3257f2e5863b44f7",
        "version" : "2.3.1"
      }
    }
  ],
  "version" : 2
}
